
Microsoft Visual Studio Solution File, Format Version 12.00
# Visual Studio 15
Project("{FAE04EC0-301F-11D3-BF4B-00C04F79EFBC}") = "Unity.Timeline", "Unity.Timeline.csproj", "{3A4BA6DB-6938-C22E-8B8C-33E85E8F5299}"
EndProject
Project("{FAE04EC0-301F-11D3-BF4B-00C04F79EFBC}") = "Unity.Timeline.Editor", "Unity.Timeline.Editor.csproj", "{DFF16666-B9C7-AC2E-5466-B186E807C1B4}"
EndProject
Project("{FAE04EC0-301F-11D3-BF4B-00C04F79EFBC}") = "Unity.ShaderGraph.Editor", "Unity.ShaderGraph.Editor.csproj", "{E3616B6E-255E-8CE2-FDC0-FF4BA9C0F734}"
EndProject
Project("{FAE04EC0-301F-11D3-BF4B-00C04F79EFBC}") = "Unity.RenderPipelines.Universal.Editor", "Unity.RenderPipelines.Universal.Editor.csproj", "{540BA592-2047-DF4F-5A3A-8F9D2A5040E5}"
EndProject
Project("{FAE04EC0-301F-11D3-BF4B-00C04F79EFBC}") = "Unity.TextMeshPro.Editor", "Unity.TextMeshPro.Editor.csproj", "{588A7CAF-F586-AB6E-7B71-324FD84C30BA}"
EndProject
Project("{FAE04EC0-301F-11D3-BF4B-00C04F79EFBC}") = "Unity.VisualScripting.Flow", "Unity.VisualScripting.Flow.csproj", "{A1725D9C-5B17-0700-A251-372139CEF21C}"
EndProject
Project("{FAE04EC0-301F-11D3-BF4B-00C04F79EFBC}") = "Unity.RenderPipelines.Universal.Runtime", "Unity.RenderPipelines.Universal.Runtime.csproj", "{42488AEC-AF65-4696-21C4-C9E4A4343F91}"
EndProject
Project("{FAE04EC0-301F-11D3-BF4B-00C04F79EFBC}") = "Unity.Tutorials.Core.Editor", "Unity.Tutorials.Core.Editor.csproj", "{A28E4F9C-2264-B5B0-86D0-95F4E3883D31}"
EndProject
Project("{FAE04EC0-301F-11D3-BF4B-00C04F79EFBC}") = "Unity.ProBuilder", "Unity.ProBuilder.csproj", "{496FAED2-56D0-93AA-0D67-229EFD1FE52D}"
EndProject
Project("{FAE04EC0-301F-11D3-BF4B-00C04F79EFBC}") = "UnityEditor.UI", "UnityEditor.UI.csproj", "{BBF532C0-3783-2A77-9E64-6ADC1EE5457F}"
EndProject
Project("{FAE04EC0-301F-11D3-BF4B-00C04F79EFBC}") = "Unity.RenderPipelines.Core.Runtime", "Unity.RenderPipelines.Core.Runtime.csproj", "{11502175-4ADC-2A24-4F33-390D9C177BCB}"
EndProject
Project("{FAE04EC0-301F-11D3-BF4B-00C04F79EFBC}") = "Unity.VisualScripting.Core", "Unity.VisualScripting.Core.csproj", "{633A7220-82E5-F69D-72C7-F261D6E351F6}"
EndProject
Project("{FAE04EC0-301F-11D3-BF4B-00C04F79EFBC}") = "Unity.ProBuilder.Editor", "Unity.ProBuilder.Editor.csproj", "{407F540F-DEBE-C3DE-E47B-36C5B06C05A5}"
EndProject
Project("{FAE04EC0-301F-11D3-BF4B-00C04F79EFBC}") = "Unity.Mathematics", "Unity.Mathematics.csproj", "{353B4A4F-05F1-5299-2CB9-F27BF0F4E70C}"
EndProject
Project("{FAE04EC0-301F-11D3-BF4B-00C04F79EFBC}") = "Unity.RenderPipelines.Core.Editor", "Unity.RenderPipelines.Core.Editor.csproj", "{A10DC1E4-F99C-43AF-1E81-B5B48D76AB2A}"
EndProject
Project("{FAE04EC0-301F-11D3-BF4B-00C04F79EFBC}") = "fps.UI", "fps.UI.csproj", "{FE9488A5-D18B-5C65-74B6-3A0DB0F8BC37}"
EndProject
Project("{FAE04EC0-301F-11D3-BF4B-00C04F79EFBC}") = "Unity.VisualScripting.Core.Editor", "Unity.VisualScripting.Core.Editor.csproj", "{F8163F59-739E-802F-B94D-F39BA4F008ED}"
EndProject
Project("{FAE04EC0-301F-11D3-BF4B-00C04F79EFBC}") = "Unity.VisualScripting.Flow.Editor", "Unity.VisualScripting.Flow.Editor.csproj", "{3E0A85BA-B304-73D1-2408-0ED1DEB6D73D}"
EndProject
Project("{FAE04EC0-301F-11D3-BF4B-00C04F79EFBC}") = "UnityEditor.TestRunner", "UnityEditor.TestRunner.csproj", "{D120790D-25A4-028E-355C-DC53512D19F2}"
EndProject
Project("{FAE04EC0-301F-11D3-BF4B-00C04F79EFBC}") = "Unity.ProBuilder.Poly2Tri", "Unity.ProBuilder.Poly2Tri.csproj", "{20FF94A1-8735-5A57-BEC8-3D0C7FB3AA2C}"
EndProject
Project("{FAE04EC0-301F-11D3-BF4B-00C04F79EFBC}") = "Unity.VisualScripting.SettingsProvider.Editor", "Unity.VisualScripting.SettingsProvider.Editor.csproj", "{24A03D8F-2A3B-7150-4248-0BED43E1C9D4}"
EndProject
Project("{FAE04EC0-301F-11D3-BF4B-00C04F79EFBC}") = "UnityEngine.TestRunner", "UnityEngine.TestRunner.csproj", "{05240CD6-E25D-1D50-B898-3C9FFF04E286}"
EndProject
Project("{FAE04EC0-301F-11D3-BF4B-00C04F79EFBC}") = "fps.Game", "fps.Game.csproj", "{96A7AA1D-6DB9-62F0-85E8-EF9684769459}"
EndProject
Project("{FAE04EC0-301F-11D3-BF4B-00C04F79EFBC}") = "Unity.Searcher.Editor", "Unity.Searcher.Editor.csproj", "{CB533BA7-BCA9-5B6D-B5BA-3C573B395E10}"
EndProject
Project("{FAE04EC0-301F-11D3-BF4B-00C04F79EFBC}") = "Unity.Burst", "Unity.Burst.csproj", "{3D69170F-E396-1CC7-E27F-70C59C04B6C2}"
EndProject
Project("{FAE04EC0-301F-11D3-BF4B-00C04F79EFBC}") = "UnityEngine.UI", "UnityEngine.UI.csproj", "{ADAB4F48-B5FE-B1E4-1C9E-950C410257C8}"
EndProject
Project("{FAE04EC0-301F-11D3-BF4B-00C04F79EFBC}") = "Unity.ProBuilder.Csg", "Unity.ProBuilder.Csg.csproj", "{3DDF99DD-0B2F-7642-323D-D4F09E1C02AC}"
EndProject
Project("{FAE04EC0-301F-11D3-BF4B-00C04F79EFBC}") = "Unity.VisualStudio.Editor", "Unity.VisualStudio.Editor.csproj", "{D7BFC348-349B-4DD0-C9DD-314B390E4EBE}"
EndProject
Project("{FAE04EC0-301F-11D3-BF4B-00C04F79EFBC}") = "PPv2URPConverters", "PPv2URPConverters.csproj", "{56C31260-1A62-9254-9241-45CB002F86E4}"
EndProject
Project("{FAE04EC0-301F-11D3-BF4B-00C04F79EFBC}") = "Unity.InternalAPIEditorBridge.007", "Unity.InternalAPIEditorBridge.007.csproj", "{4C8FC0AD-8843-E2D5-96C3-4E0D55DE4200}"
EndProject
Project("{FAE04EC0-301F-11D3-BF4B-00C04F79EFBC}") = "Unity.TestTools.CodeCoverage.Editor.OpenCover.Model", "Unity.TestTools.CodeCoverage.Editor.OpenCover.Model.csproj", "{C56FAAED-59F2-D0FC-B6D6-61AD8A0C0BD3}"
EndProject
Project("{FAE04EC0-301F-11D3-BF4B-00C04F79EFBC}") = "Unity.Rider.Editor", "Unity.Rider.Editor.csproj", "{F4EAF44A-058B-58D1-EC79-E6BBFFD0450B}"
EndProject
Project("{FAE04EC0-301F-11D3-BF4B-00C04F79EFBC}") = "Unity.VisualScripting.State.Editor", "Unity.VisualScripting.State.Editor.csproj", "{2BCABFE1-22BF-3128-1D32-EF6704833EFB}"
EndProject
Project("{FAE04EC0-301F-11D3-BF4B-00C04F79EFBC}") = "Unity.TestTools.CodeCoverage.Editor", "Unity.TestTools.CodeCoverage.Editor.csproj", "{F9867C8B-71B0-CEE9-8889-189B7B52DDBB}"
EndProject
Project("{FAE04EC0-301F-11D3-BF4B-00C04F79EFBC}") = "Unity.Burst.CodeGen", "Unity.Burst.CodeGen.csproj", "{5B0EB35D-D272-054D-EB8B-6656CD79801C}"
EndProject
Project("{FAE04EC0-301F-11D3-BF4B-00C04F79EFBC}") = "Unity.RenderPipeline.Universal.ShaderLibrary", "Unity.RenderPipeline.Universal.ShaderLibrary.csproj", "{91B23CE2-E4E6-BE4E-7DF4-F7509F58EBC1}"
EndProject
Project("{FAE04EC0-301F-11D3-BF4B-00C04F79EFBC}") = "Unity.VisualScripting.State", "Unity.VisualScripting.State.csproj", "{169FD49D-DC02-611A-6F5D-B7E78B86ED0F}"
EndProject
Project("{FAE04EC0-301F-11D3-BF4B-00C04F79EFBC}") = "Unity.TextMeshPro", "Unity.TextMeshPro.csproj", "{FDDBA66E-7DCA-B9BC-3C23-5E7B1646DF9C}"
EndProject
Project("{FAE04EC0-301F-11D3-BF4B-00C04F79EFBC}") = "Unity.Performance.Profile-Analyzer.Editor", "Unity.Performance.Profile-Analyzer.Editor.csproj", "{7A6150D3-2A88-585D-34B3-3B052EC602CC}"
EndProject
Project("{FAE04EC0-301F-11D3-BF4B-00C04F79EFBC}") = "NavMeshComponentsEditor", "NavMeshComponentsEditor.csproj", "{872195A7-05CB-F4C4-92AF-F6AE9F8D2926}"
EndProject
Project("{FAE04EC0-301F-11D3-BF4B-00C04F79EFBC}") = "Unity.VSCode.Editor", "Unity.VSCode.Editor.csproj", "{E9DC7977-7652-0E04-EAB4-8A21E1F5A77A}"
EndProject
Project("{FAE04EC0-301F-11D3-BF4B-00C04F79EFBC}") = "Unity.Play.Publisher.Editor", "Unity.Play.Publisher.Editor.csproj", "{041A110F-4FA2-744A-0616-19C635E94D2E}"
EndProject
Project("{FAE04EC0-301F-11D3-BF4B-00C04F79EFBC}") = "Unity.Burst.Editor", "Unity.Burst.Editor.csproj", "{16CA2B3C-EE00-41CE-F2DC-B3CD35A94D11}"
EndProject
Project("{FAE04EC0-301F-11D3-BF4B-00C04F79EFBC}") = "Unity.TestTools.CodeCoverage.Editor.OpenCover.Mono.Reflection", "Unity.TestTools.CodeCoverage.Editor.OpenCover.Mono.Reflection.csproj", "{428BBC4D-29B2-1144-F201-E2F7181973F8}"
EndProject
Project("{FAE04EC0-301F-11D3-BF4B-00C04F79EFBC}") = "Unity.InternalAPIEditorBridgeDev.001", "Unity.InternalAPIEditorBridgeDev.001.csproj", "{5070D4D8-34F2-E89D-6BAD-088BD18346C8}"
EndProject
Project("{FAE04EC0-301F-11D3-BF4B-00C04F79EFBC}") = "fps.Editor", "fps.Editor.csproj", "{EAD55020-A8A0-3310-6184-A9D4A1B39695}"
EndProject
Project("{FAE04EC0-301F-11D3-BF4B-00C04F79EFBC}") = "Unity.ProBuilder.Stl", "Unity.ProBuilder.Stl.csproj", "{B6534B38-DABB-5825-1DA4-0A8752DAAEAF}"
EndProject
Project("{FAE04EC0-301F-11D3-BF4B-00C04F79EFBC}") = "Unity.Settings.Editor", "Unity.Settings.Editor.csproj", "{4A31DE64-8FE4-8149-DB12-73E81B198BB1}"
EndProject
Project("{FAE04EC0-301F-11D3-BF4B-00C04F79EFBC}") = "Unity.InternalAPIEngineBridge.007", "Unity.InternalAPIEngineBridge.007.csproj", "{C8396929-5D51-4121-B37E-D45EACAFFB53}"
EndProject
Project("{FAE04EC0-301F-11D3-BF4B-00C04F79EFBC}") = "fps.Gameplay", "fps.Gameplay.csproj", "{83255ECD-EA70-09CF-0083-592F27427FF4}"
EndProject
Project("{FAE04EC0-301F-11D3-BF4B-00C04F79EFBC}") = "fps.AI", "fps.AI.csproj", "{A50ABF07-3067-EE89-135F-36B610B24625}"
EndProject
Project("{FAE04EC0-301F-11D3-BF4B-00C04F79EFBC}") = "NavMeshComponents", "NavMeshComponents.csproj", "{1EE30010-0731-B391-FB98-38476C5E3D7F}"
EndProject
Project("{FAE04EC0-301F-11D3-BF4B-00C04F79EFBC}") = "Unity.ProBuilder.AssetIdRemapUtility", "Unity.ProBuilder.AssetIdRemapUtility.csproj", "{5AE08130-1D79-2E94-108D-8DF2A73860ED}"
EndProject
Project("{FAE04EC0-301F-11D3-BF4B-00C04F79EFBC}") = "Unity.ProBuilder.KdTree", "Unity.ProBuilder.KdTree.csproj", "{414EA979-293A-8BC4-D7D5-890134980C29}"
EndProject
Project("{FAE04EC0-301F-11D3-BF4B-00C04F79EFBC}") = "Unity.ShaderGraph.Utilities", "Unity.ShaderGraph.Utilities.csproj", "{438FE3E4-476F-59F8-FBB5-08330CD5D71E}"
EndProject
Project("{FAE04EC0-301F-11D3-BF4B-00C04F79EFBC}") = "Unity.Microgame.Tutorials", "Unity.Microgame.Tutorials.csproj", "{A1C06641-C180-CFC6-7013-CEAD74E14E6C}"
EndProject
Project("{FAE04EC0-301F-11D3-BF4B-00C04F79EFBC}") = "Unity.ProBuilder.AddOns.Editor", "Unity.ProBuilder.AddOns.Editor.csproj", "{36FA4737-BC4C-7913-D7EE-0E35CA364BB9}"
EndProject
Project("{FAE04EC0-301F-11D3-BF4B-00C04F79EFBC}") = "Assembly-CSharp", "Assembly-CSharp.csproj", "{9C583763-13A1-73F2-DD2B-146352397542}"
EndProject
Project("{FAE04EC0-301F-11D3-BF4B-00C04F79EFBC}") = "Unity.EditorCoroutines.Editor", "Unity.EditorCoroutines.Editor.csproj", "{4F1BE702-5F90-9062-F0BF-2D175D6245A0}"
EndProject
Project("{FAE04EC0-301F-11D3-BF4B-00C04F79EFBC}") = "Unity.Mathematics.Editor", "Unity.Mathematics.Editor.csproj", "{5F4A13E7-EC1B-8B6F-1E58-41C5CF190B89}"
EndProject
Project("{FAE04EC0-301F-11D3-BF4B-00C04F79EFBC}") = "Unity.Tutorials.Core", "Unity.Tutorials.Core.csproj", "{35196177-8DA9-02E1-102B-2FB2200C4EED}"
EndProject
Project("{FAE04EC0-301F-11D3-BF4B-00C04F79EFBC}") = "Unity.FPS.Tutorials", "Unity.FPS.Tutorials.csproj", "{EF5531DE-D5D8-336F-6706-2F83169471C1}"
EndProject
Project("{FAE04EC0-301F-11D3-BF4B-00C04F79EFBC}") = "Unity.VisualScripting.Shared.Editor", "Unity.VisualScripting.Shared.Editor.csproj", "{CEA20F87-B9BA-55D0-D079-D8D2990D98AE}"
EndProject
Project("{FAE04EC0-301F-11D3-BF4B-00C04F79EFBC}") = "Unity.RenderPipelines.ShaderGraph.ShaderGraphLibrary", "Unity.RenderPipelines.ShaderGraph.ShaderGraphLibrary.csproj", "{796EE2AB-C396-388C-7673-C88A22F458FE}"
EndProject
Project("{FAE04EC0-301F-11D3-BF4B-00C04F79EFBC}") = "Unity.RenderPipelines.Core.ShaderLibrary", "Unity.RenderPipelines.Core.ShaderLibrary.csproj", "{B85999D0-574C-E150-EAA6-861D3AB5207B}"
EndProject
Project("{FAE04EC0-301F-11D3-BF4B-00C04F79EFBC}") = "Unity.RenderPipelines.Universal.Shaders", "Unity.RenderPipelines.Universal.Shaders.csproj", "{1DDE60C5-5F17-3B42-A662-C15CCB72BE85}"
EndProject
Project("{FAE04EC0-301F-11D3-BF4B-00C04F79EFBC}") = "Unity.Timeline", "Unity.Timeline.Player.csproj", "{597C2574-09AF-CF9B-A6CE-08490064C60F}"
EndProject
Project("{FAE04EC0-301F-11D3-BF4B-00C04F79EFBC}") = "Unity.VisualScripting.Flow", "Unity.VisualScripting.Flow.Player.csproj", "{5AC8BBFF-E899-6F7E-2C58-E72B716B5DDD}"
EndProject
Project("{FAE04EC0-301F-11D3-BF4B-00C04F79EFBC}") = "Unity.RenderPipelines.Universal.Runtime", "Unity.RenderPipelines.Universal.Runtime.Player.csproj", "{7B3D946B-D349-C9BD-A045-2ABDBE7D3A2D}"
EndProject
Project("{FAE04EC0-301F-11D3-BF4B-00C04F79EFBC}") = "Unity.ProBuilder", "Unity.ProBuilder.Player.csproj", "{4B6067FF-C325-A6F0-3422-E1E6F3CFF00F}"
EndProject
Project("{FAE04EC0-301F-11D3-BF4B-00C04F79EFBC}") = "Unity.RenderPipelines.Core.Runtime", "Unity.RenderPipelines.Core.Runtime.Player.csproj", "{6D5E7077-1383-F737-0522-A557943E8694}"
EndProject
Project("{FAE04EC0-301F-11D3-BF4B-00C04F79EFBC}") = "Unity.VisualScripting.Core", "Unity.VisualScripting.Core.Player.csproj", "{AE60DC54-DA19-CC16-6442-DFF91E38198C}"
EndProject
Project("{FAE04EC0-301F-11D3-BF4B-00C04F79EFBC}") = "Unity.Mathematics", "Unity.Mathematics.Player.csproj", "{4AFA42CE-71D0-6E44-C245-225603069206}"
EndProject
Project("{FAE04EC0-301F-11D3-BF4B-00C04F79EFBC}") = "fps.UI", "fps.UI.Player.csproj", "{AB3374C2-28BE-359E-6E53-4EB169BBD2E3}"
EndProject
Project("{FAE04EC0-301F-11D3-BF4B-00C04F79EFBC}") = "Unity.ProBuilder.Poly2Tri", "Unity.ProBuilder.Poly2Tri.Player.csproj", "{03BBF0C9-30B2-BE67-3549-B0D32DD2CC89}"
EndProject
Project("{FAE04EC0-301F-11D3-BF4B-00C04F79EFBC}") = "UnityEngine.TestRunner", "UnityEngine.TestRunner.Player.csproj", "{B5685E52-A988-4A57-F617-4A3DF8218571}"
EndProject
Project("{FAE04EC0-301F-11D3-BF4B-00C04F79EFBC}") = "fps.Game", "fps.Game.Player.csproj", "{23E3D1D0-C453-38B0-16C6-6AB3C2D13E3F}"
EndProject
Project("{FAE04EC0-301F-11D3-BF4B-00C04F79EFBC}") = "Unity.Burst", "Unity.Burst.Player.csproj", "{836C7B2E-990B-0B32-1F89-5D9BD6D9E986}"
EndProject
Project("{FAE04EC0-301F-11D3-BF4B-00C04F79EFBC}") = "UnityEngine.UI", "UnityEngine.UI.Player.csproj", "{1A167C20-3F6F-284C-3DD8-C10F5E89D0BD}"
EndProject
Project("{FAE04EC0-301F-11D3-BF4B-00C04F79EFBC}") = "Unity.ProBuilder.Csg", "Unity.ProBuilder.Csg.Player.csproj", "{0E9FC715-25D7-011F-2378-330DB6BFDD6F}"
EndProject
Project("{FAE04EC0-301F-11D3-BF4B-00C04F79EFBC}") = "Unity.RenderPipeline.Universal.ShaderLibrary", "Unity.RenderPipeline.Universal.ShaderLibrary.Player.csproj", "{53F88BA3-2617-89B0-B586-39A2473EFF2F}"
EndProject
Project("{FAE04EC0-301F-11D3-BF4B-00C04F79EFBC}") = "Unity.VisualScripting.State", "Unity.VisualScripting.State.Player.csproj", "{72D54D10-C3E3-FDF8-130B-9E7FE999A280}"
EndProject
Project("{FAE04EC0-301F-11D3-BF4B-00C04F79EFBC}") = "Unity.TextMeshPro", "Unity.TextMeshPro.Player.csproj", "{E7FE98F7-4FAF-5986-431E-0CB2DAFCD429}"
EndProject
Project("{FAE04EC0-301F-11D3-BF4B-00C04F79EFBC}") = "Unity.ProBuilder.Stl", "Unity.ProBuilder.Stl.Player.csproj", "{4FA5DF2D-C906-ABF5-7B59-7BF9AAF0695B}"
EndProject
Project("{FAE04EC0-301F-11D3-BF4B-00C04F79EFBC}") = "fps.Gameplay", "fps.Gameplay.Player.csproj", "{4B6AEADB-9780-55B0-7758-9C54C66B2594}"
EndProject
Project("{FAE04EC0-301F-11D3-BF4B-00C04F79EFBC}") = "fps.AI", "fps.AI.Player.csproj", "{565E5CD1-2BA6-EE40-FE8F-E8E610B2A3C3}"
EndProject
Project("{FAE04EC0-301F-11D3-BF4B-00C04F79EFBC}") = "NavMeshComponents", "NavMeshComponents.Player.csproj", "{F314A787-467A-D051-DA5E-E7B3021EC3E4}"
EndProject
Project("{FAE04EC0-301F-11D3-BF4B-00C04F79EFBC}") = "Unity.ProBuilder.KdTree", "Unity.ProBuilder.KdTree.Player.csproj", "{BC562939-059C-4B01-BD45-5E54026E97B4}"
EndProject
Project("{FAE04EC0-301F-11D3-BF4B-00C04F79EFBC}") = "Assembly-CSharp", "Assembly-CSharp.Player.csproj", "{97A2F730-BAC9-27F4-5DF8-F789AEE4BD98}"
EndProject
Project("{FAE04EC0-301F-11D3-BF4B-00C04F79EFBC}") = "Unity.Tutorials.Core", "Unity.Tutorials.Core.Player.csproj", "{CC2710B3-DA4E-BA66-5E31-F2DE9311F211}"
EndProject
Project("{FAE04EC0-301F-11D3-BF4B-00C04F79EFBC}") = "Unity.RenderPipelines.ShaderGraph.ShaderGraphLibrary", "Unity.RenderPipelines.ShaderGraph.ShaderGraphLibrary.Player.csproj", "{F43CCA9C-D845-20C2-BA13-35D9EFF1B78E}"
EndProject
Project("{FAE04EC0-301F-11D3-BF4B-00C04F79EFBC}") = "Unity.RenderPipelines.Core.ShaderLibrary", "Unity.RenderPipelines.Core.ShaderLibrary.Player.csproj", "{3341A530-D7D6-9278-6A77-497C0D02E4B7}"
EndProject
Project("{FAE04EC0-301F-11D3-BF4B-00C04F79EFBC}") = "Unity.RenderPipelines.Universal.Shaders", "Unity.RenderPipelines.Universal.Shaders.Player.csproj", "{E4433E8B-57E5-47A8-EA91-D40E818C1E0A}"
EndProject
Global
	GlobalSection(SolutionConfigurationPlatforms) = preSolution
		Debug|Any CPU = Debug|Any CPU
		Release|Any CPU = Release|Any CPU
	EndGlobalSection
	GlobalSection(ProjectConfigurationPlatforms) = postSolution
		{3A4BA6DB-6938-C22E-8B8C-33E85E8F5299}.Debug|Any CPU.ActiveCfg = Debug|Any CPU
		{3A4BA6DB-6938-C22E-8B8C-33E85E8F5299}.Debug|Any CPU.Build.0 = Debug|Any CPU
		{3A4BA6DB-6938-C22E-8B8C-33E85E8F5299}.Release|Any CPU.ActiveCfg = Release|Any CPU
		{3A4BA6DB-6938-C22E-8B8C-33E85E8F5299}.Release|Any CPU.Build.0 = Release|Any CPU
		{DFF16666-B9C7-AC2E-5466-B186E807C1B4}.Debug|Any CPU.ActiveCfg = Debug|Any CPU
		{DFF16666-B9C7-AC2E-5466-B186E807C1B4}.Debug|Any CPU.Build.0 = Debug|Any CPU
		{DFF16666-B9C7-AC2E-5466-B186E807C1B4}.Release|Any CPU.ActiveCfg = Release|Any CPU
		{DFF16666-B9C7-AC2E-5466-B186E807C1B4}.Release|Any CPU.Build.0 = Release|Any CPU
		{E3616B6E-255E-8CE2-FDC0-FF4BA9C0F734}.Debug|Any CPU.ActiveCfg = Debug|Any CPU
		{E3616B6E-255E-8CE2-FDC0-FF4BA9C0F734}.Debug|Any CPU.Build.0 = Debug|Any CPU
		{E3616B6E-255E-8CE2-FDC0-FF4BA9C0F734}.Release|Any CPU.ActiveCfg = Release|Any CPU
		{E3616B6E-255E-8CE2-FDC0-FF4BA9C0F734}.Release|Any CPU.Build.0 = Release|Any CPU
		{540BA592-2047-DF4F-5A3A-8F9D2A5040E5}.Debug|Any CPU.ActiveCfg = Debug|Any CPU
		{540BA592-2047-DF4F-5A3A-8F9D2A5040E5}.Debug|Any CPU.Build.0 = Debug|Any CPU
		{540BA592-2047-DF4F-5A3A-8F9D2A5040E5}.Release|Any CPU.ActiveCfg = Release|Any CPU
		{540BA592-2047-DF4F-5A3A-8F9D2A5040E5}.Release|Any CPU.Build.0 = Release|Any CPU
		{588A7CAF-F586-AB6E-7B71-324FD84C30BA}.Debug|Any CPU.ActiveCfg = Debug|Any CPU
		{588A7CAF-F586-AB6E-7B71-324FD84C30BA}.Debug|Any CPU.Build.0 = Debug|Any CPU
		{588A7CAF-F586-AB6E-7B71-324FD84C30BA}.Release|Any CPU.ActiveCfg = Release|Any CPU
		{588A7CAF-F586-AB6E-7B71-324FD84C30BA}.Release|Any CPU.Build.0 = Release|Any CPU
		{A1725D9C-5B17-0700-A251-372139CEF21C}.Debug|Any CPU.ActiveCfg = Debug|Any CPU
		{A1725D9C-5B17-0700-A251-372139CEF21C}.Debug|Any CPU.Build.0 = Debug|Any CPU
		{A1725D9C-5B17-0700-A251-372139CEF21C}.Release|Any CPU.ActiveCfg = Release|Any CPU
		{A1725D9C-5B17-0700-A251-372139CEF21C}.Release|Any CPU.Build.0 = Release|Any CPU
		{42488AEC-AF65-4696-21C4-C9E4A4343F91}.Debug|Any CPU.ActiveCfg = Debug|Any CPU
		{42488AEC-AF65-4696-21C4-C9E4A4343F91}.Debug|Any CPU.Build.0 = Debug|Any CPU
		{42488AEC-AF65-4696-21C4-C9E4A4343F91}.Release|Any CPU.ActiveCfg = Release|Any CPU
		{42488AEC-AF65-4696-21C4-C9E4A4343F91}.Release|Any CPU.Build.0 = Release|Any CPU
		{A28E4F9C-2264-B5B0-86D0-95F4E3883D31}.Debug|Any CPU.ActiveCfg = Debug|Any CPU
		{A28E4F9C-2264-B5B0-86D0-95F4E3883D31}.Debug|Any CPU.Build.0 = Debug|Any CPU
		{A28E4F9C-2264-B5B0-86D0-95F4E3883D31}.Release|Any CPU.ActiveCfg = Release|Any CPU
		{A28E4F9C-2264-B5B0-86D0-95F4E3883D31}.Release|Any CPU.Build.0 = Release|Any CPU
		{496FAED2-56D0-93AA-0D67-229EFD1FE52D}.Debug|Any CPU.ActiveCfg = Debug|Any CPU
		{496FAED2-56D0-93AA-0D67-229EFD1FE52D}.Debug|Any CPU.Build.0 = Debug|Any CPU
		{496FAED2-56D0-93AA-0D67-229EFD1FE52D}.Release|Any CPU.ActiveCfg = Release|Any CPU
		{496FAED2-56D0-93AA-0D67-229EFD1FE52D}.Release|Any CPU.Build.0 = Release|Any CPU
		{BBF532C0-3783-2A77-9E64-6ADC1EE5457F}.Debug|Any CPU.ActiveCfg = Debug|Any CPU
		{BBF532C0-3783-2A77-9E64-6ADC1EE5457F}.Debug|Any CPU.Build.0 = Debug|Any CPU
		{BBF532C0-3783-2A77-9E64-6ADC1EE5457F}.Release|Any CPU.ActiveCfg = Release|Any CPU
		{BBF532C0-3783-2A77-9E64-6ADC1EE5457F}.Release|Any CPU.Build.0 = Release|Any CPU
		{11502175-4ADC-2A24-4F33-390D9C177BCB}.Debug|Any CPU.ActiveCfg = Debug|Any CPU
		{11502175-4ADC-2A24-4F33-390D9C177BCB}.Debug|Any CPU.Build.0 = Debug|Any CPU
		{11502175-4ADC-2A24-4F33-390D9C177BCB}.Release|Any CPU.ActiveCfg = Release|Any CPU
		{11502175-4ADC-2A24-4F33-390D9C177BCB}.Release|Any CPU.Build.0 = Release|Any CPU
		{633A7220-82E5-F69D-72C7-F261D6E351F6}.Debug|Any CPU.ActiveCfg = Debug|Any CPU
		{633A7220-82E5-F69D-72C7-F261D6E351F6}.Debug|Any CPU.Build.0 = Debug|Any CPU
		{633A7220-82E5-F69D-72C7-F261D6E351F6}.Release|Any CPU.ActiveCfg = Release|Any CPU
		{633A7220-82E5-F69D-72C7-F261D6E351F6}.Release|Any CPU.Build.0 = Release|Any CPU
		{407F540F-DEBE-C3DE-E47B-36C5B06C05A5}.Debug|Any CPU.ActiveCfg = Debug|Any CPU
		{407F540F-DEBE-C3DE-E47B-36C5B06C05A5}.Debug|Any CPU.Build.0 = Debug|Any CPU
		{407F540F-DEBE-C3DE-E47B-36C5B06C05A5}.Release|Any CPU.ActiveCfg = Release|Any CPU
		{407F540F-DEBE-C3DE-E47B-36C5B06C05A5}.Release|Any CPU.Build.0 = Release|Any CPU
		{353B4A4F-05F1-5299-2CB9-F27BF0F4E70C}.Debug|Any CPU.ActiveCfg = Debug|Any CPU
		{353B4A4F-05F1-5299-2CB9-F27BF0F4E70C}.Debug|Any CPU.Build.0 = Debug|Any CPU
		{353B4A4F-05F1-5299-2CB9-F27BF0F4E70C}.Release|Any CPU.ActiveCfg = Release|Any CPU
		{353B4A4F-05F1-5299-2CB9-F27BF0F4E70C}.Release|Any CPU.Build.0 = Release|Any CPU
		{A10DC1E4-F99C-43AF-1E81-B5B48D76AB2A}.Debug|Any CPU.ActiveCfg = Debug|Any CPU
		{A10DC1E4-F99C-43AF-1E81-B5B48D76AB2A}.Debug|Any CPU.Build.0 = Debug|Any CPU
		{A10DC1E4-F99C-43AF-1E81-B5B48D76AB2A}.Release|Any CPU.ActiveCfg = Release|Any CPU
		{A10DC1E4-F99C-43AF-1E81-B5B48D76AB2A}.Release|Any CPU.Build.0 = Release|Any CPU
		{FE9488A5-D18B-5C65-74B6-3A0DB0F8BC37}.Debug|Any CPU.ActiveCfg = Debug|Any CPU
		{FE9488A5-D18B-5C65-74B6-3A0DB0F8BC37}.Debug|Any CPU.Build.0 = Debug|Any CPU
		{FE9488A5-D18B-5C65-74B6-3A0DB0F8BC37}.Release|Any CPU.ActiveCfg = Release|Any CPU
		{FE9488A5-D18B-5C65-74B6-3A0DB0F8BC37}.Release|Any CPU.Build.0 = Release|Any CPU
		{F8163F59-739E-802F-B94D-F39BA4F008ED}.Debug|Any CPU.ActiveCfg = Debug|Any CPU
		{F8163F59-739E-802F-B94D-F39BA4F008ED}.Debug|Any CPU.Build.0 = Debug|Any CPU
		{F8163F59-739E-802F-B94D-F39BA4F008ED}.Release|Any CPU.ActiveCfg = Release|Any CPU
		{F8163F59-739E-802F-B94D-F39BA4F008ED}.Release|Any CPU.Build.0 = Release|Any CPU
		{3E0A85BA-B304-73D1-2408-0ED1DEB6D73D}.Debug|Any CPU.ActiveCfg = Debug|Any CPU
		{3E0A85BA-B304-73D1-2408-0ED1DEB6D73D}.Debug|Any CPU.Build.0 = Debug|Any CPU
		{3E0A85BA-B304-73D1-2408-0ED1DEB6D73D}.Release|Any CPU.ActiveCfg = Release|Any CPU
		{3E0A85BA-B304-73D1-2408-0ED1DEB6D73D}.Release|Any CPU.Build.0 = Release|Any CPU
		{D120790D-25A4-028E-355C-DC53512D19F2}.Debug|Any CPU.ActiveCfg = Debug|Any CPU
		{D120790D-25A4-028E-355C-DC53512D19F2}.Debug|Any CPU.Build.0 = Debug|Any CPU
		{D120790D-25A4-028E-355C-DC53512D19F2}.Release|Any CPU.ActiveCfg = Release|Any CPU
		{D120790D-25A4-028E-355C-DC53512D19F2}.Release|Any CPU.Build.0 = Release|Any CPU
		{20FF94A1-8735-5A57-BEC8-3D0C7FB3AA2C}.Debug|Any CPU.ActiveCfg = Debug|Any CPU
		{20FF94A1-8735-5A57-BEC8-3D0C7FB3AA2C}.Debug|Any CPU.Build.0 = Debug|Any CPU
		{20FF94A1-8735-5A57-BEC8-3D0C7FB3AA2C}.Release|Any CPU.ActiveCfg = Release|Any CPU
		{20FF94A1-8735-5A57-BEC8-3D0C7FB3AA2C}.Release|Any CPU.Build.0 = Release|Any CPU
		{24A03D8F-2A3B-7150-4248-0BED43E1C9D4}.Debug|Any CPU.ActiveCfg = Debug|Any CPU
		{24A03D8F-2A3B-7150-4248-0BED43E1C9D4}.Debug|Any CPU.Build.0 = Debug|Any CPU
		{24A03D8F-2A3B-7150-4248-0BED43E1C9D4}.Release|Any CPU.ActiveCfg = Release|Any CPU
		{24A03D8F-2A3B-7150-4248-0BED43E1C9D4}.Release|Any CPU.Build.0 = Release|Any CPU
		{05240CD6-E25D-1D50-B898-3C9FFF04E286}.Debug|Any CPU.ActiveCfg = Debug|Any CPU
		{05240CD6-E25D-1D50-B898-3C9FFF04E286}.Debug|Any CPU.Build.0 = Debug|Any CPU
		{05240CD6-E25D-1D50-B898-3C9FFF04E286}.Release|Any CPU.ActiveCfg = Release|Any CPU
		{05240CD6-E25D-1D50-B898-3C9FFF04E286}.Release|Any CPU.Build.0 = Release|Any CPU
		{96A7AA1D-6DB9-62F0-85E8-EF9684769459}.Debug|Any CPU.ActiveCfg = Debug|Any CPU
		{96A7AA1D-6DB9-62F0-85E8-EF9684769459}.Debug|Any CPU.Build.0 = Debug|Any CPU
		{96A7AA1D-6DB9-62F0-85E8-EF9684769459}.Release|Any CPU.ActiveCfg = Release|Any CPU
		{96A7AA1D-6DB9-62F0-85E8-EF9684769459}.Release|Any CPU.Build.0 = Release|Any CPU
		{CB533BA7-BCA9-5B6D-B5BA-3C573B395E10}.Debug|Any CPU.ActiveCfg = Debug|Any CPU
		{CB533BA7-BCA9-5B6D-B5BA-3C573B395E10}.Debug|Any CPU.Build.0 = Debug|Any CPU
		{CB533BA7-BCA9-5B6D-B5BA-3C573B395E10}.Release|Any CPU.ActiveCfg = Release|Any CPU
		{CB533BA7-BCA9-5B6D-B5BA-3C573B395E10}.Release|Any CPU.Build.0 = Release|Any CPU
		{3D69170F-E396-1CC7-E27F-70C59C04B6C2}.Debug|Any CPU.ActiveCfg = Debug|Any CPU
		{3D69170F-E396-1CC7-E27F-70C59C04B6C2}.Debug|Any CPU.Build.0 = Debug|Any CPU
		{3D69170F-E396-1CC7-E27F-70C59C04B6C2}.Release|Any CPU.ActiveCfg = Release|Any CPU
		{3D69170F-E396-1CC7-E27F-70C59C04B6C2}.Release|Any CPU.Build.0 = Release|Any CPU
		{ADAB4F48-B5FE-B1E4-1C9E-950C410257C8}.Debug|Any CPU.ActiveCfg = Debug|Any CPU
		{ADAB4F48-B5FE-B1E4-1C9E-950C410257C8}.Debug|Any CPU.Build.0 = Debug|Any CPU
		{ADAB4F48-B5FE-B1E4-1C9E-950C410257C8}.Release|Any CPU.ActiveCfg = Release|Any CPU
		{ADAB4F48-B5FE-B1E4-1C9E-950C410257C8}.Release|Any CPU.Build.0 = Release|Any CPU
		{3DDF99DD-0B2F-7642-323D-D4F09E1C02AC}.Debug|Any CPU.ActiveCfg = Debug|Any CPU
		{3DDF99DD-0B2F-7642-323D-D4F09E1C02AC}.Debug|Any CPU.Build.0 = Debug|Any CPU
		{3DDF99DD-0B2F-7642-323D-D4F09E1C02AC}.Release|Any CPU.ActiveCfg = Release|Any CPU
		{3DDF99DD-0B2F-7642-323D-D4F09E1C02AC}.Release|Any CPU.Build.0 = Release|Any CPU
		{D7BFC348-349B-4DD0-C9DD-314B390E4EBE}.Debug|Any CPU.ActiveCfg = Debug|Any CPU
		{D7BFC348-349B-4DD0-C9DD-314B390E4EBE}.Debug|Any CPU.Build.0 = Debug|Any CPU
		{D7BFC348-349B-4DD0-C9DD-314B390E4EBE}.Release|Any CPU.ActiveCfg = Release|Any CPU
		{D7BFC348-349B-4DD0-C9DD-314B390E4EBE}.Release|Any CPU.Build.0 = Release|Any CPU
		{56C31260-1A62-9254-9241-45CB002F86E4}.Debug|Any CPU.ActiveCfg = Debug|Any CPU
		{56C31260-1A62-9254-9241-45CB002F86E4}.Debug|Any CPU.Build.0 = Debug|Any CPU
		{56C31260-1A62-9254-9241-45CB002F86E4}.Release|Any CPU.ActiveCfg = Release|Any CPU
		{56C31260-1A62-9254-9241-45CB002F86E4}.Release|Any CPU.Build.0 = Release|Any CPU
		{4C8FC0AD-8843-E2D5-96C3-4E0D55DE4200}.Debug|Any CPU.ActiveCfg = Debug|Any CPU
		{4C8FC0AD-8843-E2D5-96C3-4E0D55DE4200}.Debug|Any CPU.Build.0 = Debug|Any CPU
		{4C8FC0AD-8843-E2D5-96C3-4E0D55DE4200}.Release|Any CPU.ActiveCfg = Release|Any CPU
		{4C8FC0AD-8843-E2D5-96C3-4E0D55DE4200}.Release|Any CPU.Build.0 = Release|Any CPU
		{C56FAAED-59F2-D0FC-B6D6-61AD8A0C0BD3}.Debug|Any CPU.ActiveCfg = Debug|Any CPU
		{C56FAAED-59F2-D0FC-B6D6-61AD8A0C0BD3}.Debug|Any CPU.Build.0 = Debug|Any CPU
		{C56FAAED-59F2-D0FC-B6D6-61AD8A0C0BD3}.Release|Any CPU.ActiveCfg = Release|Any CPU
		{C56FAAED-59F2-D0FC-B6D6-61AD8A0C0BD3}.Release|Any CPU.Build.0 = Release|Any CPU
		{F4EAF44A-058B-58D1-EC79-E6BBFFD0450B}.Debug|Any CPU.ActiveCfg = Debug|Any CPU
		{F4EAF44A-058B-58D1-EC79-E6BBFFD0450B}.Debug|Any CPU.Build.0 = Debug|Any CPU
		{F4EAF44A-058B-58D1-EC79-E6BBFFD0450B}.Release|Any CPU.ActiveCfg = Release|Any CPU
		{F4EAF44A-058B-58D1-EC79-E6BBFFD0450B}.Release|Any CPU.Build.0 = Release|Any CPU
		{2BCABFE1-22BF-3128-1D32-EF6704833EFB}.Debug|Any CPU.ActiveCfg = Debug|Any CPU
		{2BCABFE1-22BF-3128-1D32-EF6704833EFB}.Debug|Any CPU.Build.0 = Debug|Any CPU
		{2BCABFE1-22BF-3128-1D32-EF6704833EFB}.Release|Any CPU.ActiveCfg = Release|Any CPU
		{2BCABFE1-22BF-3128-1D32-EF6704833EFB}.Release|Any CPU.Build.0 = Release|Any CPU
		{F9867C8B-71B0-CEE9-8889-189B7B52DDBB}.Debug|Any CPU.ActiveCfg = Debug|Any CPU
		{F9867C8B-71B0-CEE9-8889-189B7B52DDBB}.Debug|Any CPU.Build.0 = Debug|Any CPU
		{F9867C8B-71B0-CEE9-8889-189B7B52DDBB}.Release|Any CPU.ActiveCfg = Release|Any CPU
		{F9867C8B-71B0-CEE9-8889-189B7B52DDBB}.Release|Any CPU.Build.0 = Release|Any CPU
		{5B0EB35D-D272-054D-EB8B-6656CD79801C}.Debug|Any CPU.ActiveCfg = Debug|Any CPU
		{5B0EB35D-D272-054D-EB8B-6656CD79801C}.Debug|Any CPU.Build.0 = Debug|Any CPU
		{5B0EB35D-D272-054D-EB8B-6656CD79801C}.Release|Any CPU.ActiveCfg = Release|Any CPU
		{5B0EB35D-D272-054D-EB8B-6656CD79801C}.Release|Any CPU.Build.0 = Release|Any CPU
		{91B23CE2-E4E6-BE4E-7DF4-F7509F58EBC1}.Debug|Any CPU.ActiveCfg = Debug|Any CPU
		{91B23CE2-E4E6-BE4E-7DF4-F7509F58EBC1}.Debug|Any CPU.Build.0 = Debug|Any CPU
		{91B23CE2-E4E6-BE4E-7DF4-F7509F58EBC1}.Release|Any CPU.ActiveCfg = Release|Any CPU
		{91B23CE2-E4E6-BE4E-7DF4-F7509F58EBC1}.Release|Any CPU.Build.0 = Release|Any CPU
		{169FD49D-DC02-611A-6F5D-B7E78B86ED0F}.Debug|Any CPU.ActiveCfg = Debug|Any CPU
		{169FD49D-DC02-611A-6F5D-B7E78B86ED0F}.Debug|Any CPU.Build.0 = Debug|Any CPU
		{169FD49D-DC02-611A-6F5D-B7E78B86ED0F}.Release|Any CPU.ActiveCfg = Release|Any CPU
		{169FD49D-DC02-611A-6F5D-B7E78B86ED0F}.Release|Any CPU.Build.0 = Release|Any CPU
		{FDDBA66E-7DCA-B9BC-3C23-5E7B1646DF9C}.Debug|Any CPU.ActiveCfg = Debug|Any CPU
		{FDDBA66E-7DCA-B9BC-3C23-5E7B1646DF9C}.Debug|Any CPU.Build.0 = Debug|Any CPU
		{FDDBA66E-7DCA-B9BC-3C23-5E7B1646DF9C}.Release|Any CPU.ActiveCfg = Release|Any CPU
		{FDDBA66E-7DCA-B9BC-3C23-5E7B1646DF9C}.Release|Any CPU.Build.0 = Release|Any CPU
		{7A6150D3-2A88-585D-34B3-3B052EC602CC}.Debug|Any CPU.ActiveCfg = Debug|Any CPU
		{7A6150D3-2A88-585D-34B3-3B052EC602CC}.Debug|Any CPU.Build.0 = Debug|Any CPU
		{7A6150D3-2A88-585D-34B3-3B052EC602CC}.Release|Any CPU.ActiveCfg = Release|Any CPU
		{7A6150D3-2A88-585D-34B3-3B052EC602CC}.Release|Any CPU.Build.0 = Release|Any CPU
		{872195A7-05CB-F4C4-92AF-F6AE9F8D2926}.Debug|Any CPU.ActiveCfg = Debug|Any CPU
		{872195A7-05CB-F4C4-92AF-F6AE9F8D2926}.Debug|Any CPU.Build.0 = Debug|Any CPU
		{872195A7-05CB-F4C4-92AF-F6AE9F8D2926}.Release|Any CPU.ActiveCfg = Release|Any CPU
		{872195A7-05CB-F4C4-92AF-F6AE9F8D2926}.Release|Any CPU.Build.0 = Release|Any CPU
		{E9DC7977-7652-0E04-EAB4-8A21E1F5A77A}.Debug|Any CPU.ActiveCfg = Debug|Any CPU
		{E9DC7977-7652-0E04-EAB4-8A21E1F5A77A}.Debug|Any CPU.Build.0 = Debug|Any CPU
		{E9DC7977-7652-0E04-EAB4-8A21E1F5A77A}.Release|Any CPU.ActiveCfg = Release|Any CPU
		{E9DC7977-7652-0E04-EAB4-8A21E1F5A77A}.Release|Any CPU.Build.0 = Release|Any CPU
		{041A110F-4FA2-744A-0616-19C635E94D2E}.Debug|Any CPU.ActiveCfg = Debug|Any CPU
		{041A110F-4FA2-744A-0616-19C635E94D2E}.Debug|Any CPU.Build.0 = Debug|Any CPU
		{041A110F-4FA2-744A-0616-19C635E94D2E}.Release|Any CPU.ActiveCfg = Release|Any CPU
		{041A110F-4FA2-744A-0616-19C635E94D2E}.Release|Any CPU.Build.0 = Release|Any CPU
		{16CA2B3C-EE00-41CE-F2DC-B3CD35A94D11}.Debug|Any CPU.ActiveCfg = Debug|Any CPU
		{16CA2B3C-EE00-41CE-F2DC-B3CD35A94D11}.Debug|Any CPU.Build.0 = Debug|Any CPU
		{16CA2B3C-EE00-41CE-F2DC-B3CD35A94D11}.Release|Any CPU.ActiveCfg = Release|Any CPU
		{16CA2B3C-EE00-41CE-F2DC-B3CD35A94D11}.Release|Any CPU.Build.0 = Release|Any CPU
		{428BBC4D-29B2-1144-F201-E2F7181973F8}.Debug|Any CPU.ActiveCfg = Debug|Any CPU
		{428BBC4D-29B2-1144-F201-E2F7181973F8}.Debug|Any CPU.Build.0 = Debug|Any CPU
		{428BBC4D-29B2-1144-F201-E2F7181973F8}.Release|Any CPU.ActiveCfg = Release|Any CPU
		{428BBC4D-29B2-1144-F201-E2F7181973F8}.Release|Any CPU.Build.0 = Release|Any CPU
		{5070D4D8-34F2-E89D-6BAD-088BD18346C8}.Debug|Any CPU.ActiveCfg = Debug|Any CPU
		{5070D4D8-34F2-E89D-6BAD-088BD18346C8}.Debug|Any CPU.Build.0 = Debug|Any CPU
		{5070D4D8-34F2-E89D-6BAD-088BD18346C8}.Release|Any CPU.ActiveCfg = Release|Any CPU
		{5070D4D8-34F2-E89D-6BAD-088BD18346C8}.Release|Any CPU.Build.0 = Release|Any CPU
		{EAD55020-A8A0-3310-6184-A9D4A1B39695}.Debug|Any CPU.ActiveCfg = Debug|Any CPU
		{EAD55020-A8A0-3310-6184-A9D4A1B39695}.Debug|Any CPU.Build.0 = Debug|Any CPU
		{EAD55020-A8A0-3310-6184-A9D4A1B39695}.Release|Any CPU.ActiveCfg = Release|Any CPU
		{EAD55020-A8A0-3310-6184-A9D4A1B39695}.Release|Any CPU.Build.0 = Release|Any CPU
		{B6534B38-DABB-5825-1DA4-0A8752DAAEAF}.Debug|Any CPU.ActiveCfg = Debug|Any CPU
		{B6534B38-DABB-5825-1DA4-0A8752DAAEAF}.Debug|Any CPU.Build.0 = Debug|Any CPU
		{B6534B38-DABB-5825-1DA4-0A8752DAAEAF}.Release|Any CPU.ActiveCfg = Release|Any CPU
		{B6534B38-DABB-5825-1DA4-0A8752DAAEAF}.Release|Any CPU.Build.0 = Release|Any CPU
		{4A31DE64-8FE4-8149-DB12-73E81B198BB1}.Debug|Any CPU.ActiveCfg = Debug|Any CPU
		{4A31DE64-8FE4-8149-DB12-73E81B198BB1}.Debug|Any CPU.Build.0 = Debug|Any CPU
		{4A31DE64-8FE4-8149-DB12-73E81B198BB1}.Release|Any CPU.ActiveCfg = Release|Any CPU
		{4A31DE64-8FE4-8149-DB12-73E81B198BB1}.Release|Any CPU.Build.0 = Release|Any CPU
		{C8396929-5D51-4121-B37E-D45EACAFFB53}.Debug|Any CPU.ActiveCfg = Debug|Any CPU
		{C8396929-5D51-4121-B37E-D45EACAFFB53}.Debug|Any CPU.Build.0 = Debug|Any CPU
		{C8396929-5D51-4121-B37E-D45EACAFFB53}.Release|Any CPU.ActiveCfg = Release|Any CPU
		{C8396929-5D51-4121-B37E-D45EACAFFB53}.Release|Any CPU.Build.0 = Release|Any CPU
		{83255ECD-EA70-09CF-0083-592F27427FF4}.Debug|Any CPU.ActiveCfg = Debug|Any CPU
		{83255ECD-EA70-09CF-0083-592F27427FF4}.Debug|Any CPU.Build.0 = Debug|Any CPU
		{83255ECD-EA70-09CF-0083-592F27427FF4}.Release|Any CPU.ActiveCfg = Release|Any CPU
		{83255ECD-EA70-09CF-0083-592F27427FF4}.Release|Any CPU.Build.0 = Release|Any CPU
		{A50ABF07-3067-EE89-135F-36B610B24625}.Debug|Any CPU.ActiveCfg = Debug|Any CPU
		{A50ABF07-3067-EE89-135F-36B610B24625}.Debug|Any CPU.Build.0 = Debug|Any CPU
		{A50ABF07-3067-EE89-135F-36B610B24625}.Release|Any CPU.ActiveCfg = Release|Any CPU
		{A50ABF07-3067-EE89-135F-36B610B24625}.Release|Any CPU.Build.0 = Release|Any CPU
		{1EE30010-0731-B391-FB98-38476C5E3D7F}.Debug|Any CPU.ActiveCfg = Debug|Any CPU
		{1EE30010-0731-B391-FB98-38476C5E3D7F}.Debug|Any CPU.Build.0 = Debug|Any CPU
		{1EE30010-0731-B391-FB98-38476C5E3D7F}.Release|Any CPU.ActiveCfg = Release|Any CPU
		{1EE30010-0731-B391-FB98-38476C5E3D7F}.Release|Any CPU.Build.0 = Release|Any CPU
		{5AE08130-1D79-2E94-108D-8DF2A73860ED}.Debug|Any CPU.ActiveCfg = Debug|Any CPU
		{5AE08130-1D79-2E94-108D-8DF2A73860ED}.Debug|Any CPU.Build.0 = Debug|Any CPU
		{5AE08130-1D79-2E94-108D-8DF2A73860ED}.Release|Any CPU.ActiveCfg = Release|Any CPU
		{5AE08130-1D79-2E94-108D-8DF2A73860ED}.Release|Any CPU.Build.0 = Release|Any CPU
		{414EA979-293A-8BC4-D7D5-890134980C29}.Debug|Any CPU.ActiveCfg = Debug|Any CPU
		{414EA979-293A-8BC4-D7D5-890134980C29}.Debug|Any CPU.Build.0 = Debug|Any CPU
		{414EA979-293A-8BC4-D7D5-890134980C29}.Release|Any CPU.ActiveCfg = Release|Any CPU
		{414EA979-293A-8BC4-D7D5-890134980C29}.Release|Any CPU.Build.0 = Release|Any CPU
		{438FE3E4-476F-59F8-FBB5-08330CD5D71E}.Debug|Any CPU.ActiveCfg = Debug|Any CPU
		{438FE3E4-476F-59F8-FBB5-08330CD5D71E}.Debug|Any CPU.Build.0 = Debug|Any CPU
		{438FE3E4-476F-59F8-FBB5-08330CD5D71E}.Release|Any CPU.ActiveCfg = Release|Any CPU
		{438FE3E4-476F-59F8-FBB5-08330CD5D71E}.Release|Any CPU.Build.0 = Release|Any CPU
		{A1C06641-C180-CFC6-7013-CEAD74E14E6C}.Debug|Any CPU.ActiveCfg = Debug|Any CPU
		{A1C06641-C180-CFC6-7013-CEAD74E14E6C}.Debug|Any CPU.Build.0 = Debug|Any CPU
		{A1C06641-C180-CFC6-7013-CEAD74E14E6C}.Release|Any CPU.ActiveCfg = Release|Any CPU
		{A1C06641-C180-CFC6-7013-CEAD74E14E6C}.Release|Any CPU.Build.0 = Release|Any CPU
		{36FA4737-BC4C-7913-D7EE-0E35CA364BB9}.Debug|Any CPU.ActiveCfg = Debug|Any CPU
		{36FA4737-BC4C-7913-D7EE-0E35CA364BB9}.Debug|Any CPU.Build.0 = Debug|Any CPU
		{36FA4737-BC4C-7913-D7EE-0E35CA364BB9}.Release|Any CPU.ActiveCfg = Release|Any CPU
		{36FA4737-BC4C-7913-D7EE-0E35CA364BB9}.Release|Any CPU.Build.0 = Release|Any CPU
		{9C583763-13A1-73F2-DD2B-146352397542}.Debug|Any CPU.ActiveCfg = Debug|Any CPU
		{9C583763-13A1-73F2-DD2B-146352397542}.Debug|Any CPU.Build.0 = Debug|Any CPU
		{9C583763-13A1-73F2-DD2B-146352397542}.Release|Any CPU.ActiveCfg = Release|Any CPU
		{9C583763-13A1-73F2-DD2B-146352397542}.Release|Any CPU.Build.0 = Release|Any CPU
		{4F1BE702-5F90-9062-F0BF-2D175D6245A0}.Debug|Any CPU.ActiveCfg = Debug|Any CPU
		{4F1BE702-5F90-9062-F0BF-2D175D6245A0}.Debug|Any CPU.Build.0 = Debug|Any CPU
		{4F1BE702-5F90-9062-F0BF-2D175D6245A0}.Release|Any CPU.ActiveCfg = Release|Any CPU
		{4F1BE702-5F90-9062-F0BF-2D175D6245A0}.Release|Any CPU.Build.0 = Release|Any CPU
		{5F4A13E7-EC1B-8B6F-1E58-41C5CF190B89}.Debug|Any CPU.ActiveCfg = Debug|Any CPU
		{5F4A13E7-EC1B-8B6F-1E58-41C5CF190B89}.Debug|Any CPU.Build.0 = Debug|Any CPU
		{5F4A13E7-EC1B-8B6F-1E58-41C5CF190B89}.Release|Any CPU.ActiveCfg = Release|Any CPU
		{5F4A13E7-EC1B-8B6F-1E58-41C5CF190B89}.Release|Any CPU.Build.0 = Release|Any CPU
		{35196177-8DA9-02E1-102B-2FB2200C4EED}.Debug|Any CPU.ActiveCfg = Debug|Any CPU
		{35196177-8DA9-02E1-102B-2FB2200C4EED}.Debug|Any CPU.Build.0 = Debug|Any CPU
		{35196177-8DA9-02E1-102B-2FB2200C4EED}.Release|Any CPU.ActiveCfg = Release|Any CPU
		{35196177-8DA9-02E1-102B-2FB2200C4EED}.Release|Any CPU.Build.0 = Release|Any CPU
		{EF5531DE-D5D8-336F-6706-2F83169471C1}.Debug|Any CPU.ActiveCfg = Debug|Any CPU
		{EF5531DE-D5D8-336F-6706-2F83169471C1}.Debug|Any CPU.Build.0 = Debug|Any CPU
		{EF5531DE-D5D8-336F-6706-2F83169471C1}.Release|Any CPU.ActiveCfg = Release|Any CPU
		{EF5531DE-D5D8-336F-6706-2F83169471C1}.Release|Any CPU.Build.0 = Release|Any CPU
		{CEA20F87-B9BA-55D0-D079-D8D2990D98AE}.Debug|Any CPU.ActiveCfg = Debug|Any CPU
		{CEA20F87-B9BA-55D0-D079-D8D2990D98AE}.Debug|Any CPU.Build.0 = Debug|Any CPU
		{CEA20F87-B9BA-55D0-D079-D8D2990D98AE}.Release|Any CPU.ActiveCfg = Release|Any CPU
		{CEA20F87-B9BA-55D0-D079-D8D2990D98AE}.Release|Any CPU.Build.0 = Release|Any CPU
		{796EE2AB-C396-388C-7673-C88A22F458FE}.Debug|Any CPU.ActiveCfg = Debug|Any CPU
		{796EE2AB-C396-388C-7673-C88A22F458FE}.Debug|Any CPU.Build.0 = Debug|Any CPU
		{796EE2AB-C396-388C-7673-C88A22F458FE}.Release|Any CPU.ActiveCfg = Release|Any CPU
		{796EE2AB-C396-388C-7673-C88A22F458FE}.Release|Any CPU.Build.0 = Release|Any CPU
		{B85999D0-574C-E150-EAA6-861D3AB5207B}.Debug|Any CPU.ActiveCfg = Debug|Any CPU
		{B85999D0-574C-E150-EAA6-861D3AB5207B}.Debug|Any CPU.Build.0 = Debug|Any CPU
		{B85999D0-574C-E150-EAA6-861D3AB5207B}.Release|Any CPU.ActiveCfg = Release|Any CPU
		{B85999D0-574C-E150-EAA6-861D3AB5207B}.Release|Any CPU.Build.0 = Release|Any CPU
		{1DDE60C5-5F17-3B42-A662-C15CCB72BE85}.Debug|Any CPU.ActiveCfg = Debug|Any CPU
		{1DDE60C5-5F17-3B42-A662-C15CCB72BE85}.Debug|Any CPU.Build.0 = Debug|Any CPU
		{1DDE60C5-5F17-3B42-A662-C15CCB72BE85}.Release|Any CPU.ActiveCfg = Release|Any CPU
		{1DDE60C5-5F17-3B42-A662-C15CCB72BE85}.Release|Any CPU.Build.0 = Release|Any CPU
		{597C2574-09AF-CF9B-A6CE-08490064C60F}.Debug|Any CPU.ActiveCfg = Debug|Any CPU
		{597C2574-09AF-CF9B-A6CE-08490064C60F}.Debug|Any CPU.Build.0 = Debug|Any CPU
		{597C2574-09AF-CF9B-A6CE-08490064C60F}.Release|Any CPU.ActiveCfg = Release|Any CPU
		{597C2574-09AF-CF9B-A6CE-08490064C60F}.Release|Any CPU.Build.0 = Release|Any CPU
		{5AC8BBFF-E899-6F7E-2C58-E72B716B5DDD}.Debug|Any CPU.ActiveCfg = Debug|Any CPU
		{5AC8BBFF-E899-6F7E-2C58-E72B716B5DDD}.Debug|Any CPU.Build.0 = Debug|Any CPU
		{5AC8BBFF-E899-6F7E-2C58-E72B716B5DDD}.Release|Any CPU.ActiveCfg = Release|Any CPU
		{5AC8BBFF-E899-6F7E-2C58-E72B716B5DDD}.Release|Any CPU.Build.0 = Release|Any CPU
		{7B3D946B-D349-C9BD-A045-2ABDBE7D3A2D}.Debug|Any CPU.ActiveCfg = Debug|Any CPU
		{7B3D946B-D349-C9BD-A045-2ABDBE7D3A2D}.Debug|Any CPU.Build.0 = Debug|Any CPU
		{7B3D946B-D349-C9BD-A045-2ABDBE7D3A2D}.Release|Any CPU.ActiveCfg = Release|Any CPU
		{7B3D946B-D349-C9BD-A045-2ABDBE7D3A2D}.Release|Any CPU.Build.0 = Release|Any CPU
		{4B6067FF-C325-A6F0-3422-E1E6F3CFF00F}.Debug|Any CPU.ActiveCfg = Debug|Any CPU
		{4B6067FF-C325-A6F0-3422-E1E6F3CFF00F}.Debug|Any CPU.Build.0 = Debug|Any CPU
		{4B6067FF-C325-A6F0-3422-E1E6F3CFF00F}.Release|Any CPU.ActiveCfg = Release|Any CPU
		{4B6067FF-C325-A6F0-3422-E1E6F3CFF00F}.Release|Any CPU.Build.0 = Release|Any CPU
		{6D5E7077-1383-F737-0522-A557943E8694}.Debug|Any CPU.ActiveCfg = Debug|Any CPU
		{6D5E7077-1383-F737-0522-A557943E8694}.Debug|Any CPU.Build.0 = Debug|Any CPU
		{6D5E7077-1383-F737-0522-A557943E8694}.Release|Any CPU.ActiveCfg = Release|Any CPU
		{6D5E7077-1383-F737-0522-A557943E8694}.Release|Any CPU.Build.0 = Release|Any CPU
		{AE60DC54-DA19-CC16-6442-DFF91E38198C}.Debug|Any CPU.ActiveCfg = Debug|Any CPU
		{AE60DC54-DA19-CC16-6442-DFF91E38198C}.Debug|Any CPU.Build.0 = Debug|Any CPU
		{AE60DC54-DA19-CC16-6442-DFF91E38198C}.Release|Any CPU.ActiveCfg = Release|Any CPU
		{AE60DC54-DA19-CC16-6442-DFF91E38198C}.Release|Any CPU.Build.0 = Release|Any CPU
		{4AFA42CE-71D0-6E44-C245-225603069206}.Debug|Any CPU.ActiveCfg = Debug|Any CPU
		{4AFA42CE-71D0-6E44-C245-225603069206}.Debug|Any CPU.Build.0 = Debug|Any CPU
		{4AFA42CE-71D0-6E44-C245-225603069206}.Release|Any CPU.ActiveCfg = Release|Any CPU
		{4AFA42CE-71D0-6E44-C245-225603069206}.Release|Any CPU.Build.0 = Release|Any CPU
		{AB3374C2-28BE-359E-6E53-4EB169BBD2E3}.Debug|Any CPU.ActiveCfg = Debug|Any CPU
		{AB3374C2-28BE-359E-6E53-4EB169BBD2E3}.Debug|Any CPU.Build.0 = Debug|Any CPU
		{AB3374C2-28BE-359E-6E53-4EB169BBD2E3}.Release|Any CPU.ActiveCfg = Release|Any CPU
		{AB3374C2-28BE-359E-6E53-4EB169BBD2E3}.Release|Any CPU.Build.0 = Release|Any CPU
		{03BBF0C9-30B2-BE67-3549-B0D32DD2CC89}.Debug|Any CPU.ActiveCfg = Debug|Any CPU
		{03BBF0C9-30B2-BE67-3549-B0D32DD2CC89}.Debug|Any CPU.Build.0 = Debug|Any CPU
		{03BBF0C9-30B2-BE67-3549-B0D32DD2CC89}.Release|Any CPU.ActiveCfg = Release|Any CPU
		{03BBF0C9-30B2-BE67-3549-B0D32DD2CC89}.Release|Any CPU.Build.0 = Release|Any CPU
		{B5685E52-A988-4A57-F617-4A3DF8218571}.Debug|Any CPU.ActiveCfg = Debug|Any CPU
		{B5685E52-A988-4A57-F617-4A3DF8218571}.Debug|Any CPU.Build.0 = Debug|Any CPU
		{B5685E52-A988-4A57-F617-4A3DF8218571}.Release|Any CPU.ActiveCfg = Release|Any CPU
		{B5685E52-A988-4A57-F617-4A3DF8218571}.Release|Any CPU.Build.0 = Release|Any CPU
		{23E3D1D0-C453-38B0-16C6-6AB3C2D13E3F}.Debug|Any CPU.ActiveCfg = Debug|Any CPU
		{23E3D1D0-C453-38B0-16C6-6AB3C2D13E3F}.Debug|Any CPU.Build.0 = Debug|Any CPU
		{23E3D1D0-C453-38B0-16C6-6AB3C2D13E3F}.Release|Any CPU.ActiveCfg = Release|Any CPU
		{23E3D1D0-C453-38B0-16C6-6AB3C2D13E3F}.Release|Any CPU.Build.0 = Release|Any CPU
		{836C7B2E-990B-0B32-1F89-5D9BD6D9E986}.Debug|Any CPU.ActiveCfg = Debug|Any CPU
		{836C7B2E-990B-0B32-1F89-5D9BD6D9E986}.Debug|Any CPU.Build.0 = Debug|Any CPU
		{836C7B2E-990B-0B32-1F89-5D9BD6D9E986}.Release|Any CPU.ActiveCfg = Release|Any CPU
		{836C7B2E-990B-0B32-1F89-5D9BD6D9E986}.Release|Any CPU.Build.0 = Release|Any CPU
		{1A167C20-3F6F-284C-3DD8-C10F5E89D0BD}.Debug|Any CPU.ActiveCfg = Debug|Any CPU
		{1A167C20-3F6F-284C-3DD8-C10F5E89D0BD}.Debug|Any CPU.Build.0 = Debug|Any CPU
		{1A167C20-3F6F-284C-3DD8-C10F5E89D0BD}.Release|Any CPU.ActiveCfg = Release|Any CPU
		{1A167C20-3F6F-284C-3DD8-C10F5E89D0BD}.Release|Any CPU.Build.0 = Release|Any CPU
		{0E9FC715-25D7-011F-2378-330DB6BFDD6F}.Debug|Any CPU.ActiveCfg = Debug|Any CPU
		{0E9FC715-25D7-011F-2378-330DB6BFDD6F}.Debug|Any CPU.Build.0 = Debug|Any CPU
		{0E9FC715-25D7-011F-2378-330DB6BFDD6F}.Release|Any CPU.ActiveCfg = Release|Any CPU
		{0E9FC715-25D7-011F-2378-330DB6BFDD6F}.Release|Any CPU.Build.0 = Release|Any CPU
		{53F88BA3-2617-89B0-B586-39A2473EFF2F}.Debug|Any CPU.ActiveCfg = Debug|Any CPU
		{53F88BA3-2617-89B0-B586-39A2473EFF2F}.Debug|Any CPU.Build.0 = Debug|Any CPU
		{53F88BA3-2617-89B0-B586-39A2473EFF2F}.Release|Any CPU.ActiveCfg = Release|Any CPU
		{53F88BA3-2617-89B0-B586-39A2473EFF2F}.Release|Any CPU.Build.0 = Release|Any CPU
		{72D54D10-C3E3-FDF8-130B-9E7FE999A280}.Debug|Any CPU.ActiveCfg = Debug|Any CPU
		{72D54D10-C3E3-FDF8-130B-9E7FE999A280}.Debug|Any CPU.Build.0 = Debug|Any CPU
		{72D54D10-C3E3-FDF8-130B-9E7FE999A280}.Release|Any CPU.ActiveCfg = Release|Any CPU
		{72D54D10-C3E3-FDF8-130B-9E7FE999A280}.Release|Any CPU.Build.0 = Release|Any CPU
		{E7FE98F7-4FAF-5986-431E-0CB2DAFCD429}.Debug|Any CPU.ActiveCfg = Debug|Any CPU
		{E7FE98F7-4FAF-5986-431E-0CB2DAFCD429}.Debug|Any CPU.Build.0 = Debug|Any CPU
		{E7FE98F7-4FAF-5986-431E-0CB2DAFCD429}.Release|Any CPU.ActiveCfg = Release|Any CPU
		{E7FE98F7-4FAF-5986-431E-0CB2DAFCD429}.Release|Any CPU.Build.0 = Release|Any CPU
		{4FA5DF2D-C906-ABF5-7B59-7BF9AAF0695B}.Debug|Any CPU.ActiveCfg = Debug|Any CPU
		{4FA5DF2D-C906-ABF5-7B59-7BF9AAF0695B}.Debug|Any CPU.Build.0 = Debug|Any CPU
		{4FA5DF2D-C906-ABF5-7B59-7BF9AAF0695B}.Release|Any CPU.ActiveCfg = Release|Any CPU
		{4FA5DF2D-C906-ABF5-7B59-7BF9AAF0695B}.Release|Any CPU.Build.0 = Release|Any CPU
		{4B6AEADB-9780-55B0-7758-9C54C66B2594}.Debug|Any CPU.ActiveCfg = Debug|Any CPU
		{4B6AEADB-9780-55B0-7758-9C54C66B2594}.Debug|Any CPU.Build.0 = Debug|Any CPU
		{4B6AEADB-9780-55B0-7758-9C54C66B2594}.Release|Any CPU.ActiveCfg = Release|Any CPU
		{4B6AEADB-9780-55B0-7758-9C54C66B2594}.Release|Any CPU.Build.0 = Release|Any CPU
		{565E5CD1-2BA6-EE40-FE8F-E8E610B2A3C3}.Debug|Any CPU.ActiveCfg = Debug|Any CPU
		{565E5CD1-2BA6-EE40-FE8F-E8E610B2A3C3}.Debug|Any CPU.Build.0 = Debug|Any CPU
		{565E5CD1-2BA6-EE40-FE8F-E8E610B2A3C3}.Release|Any CPU.ActiveCfg = Release|Any CPU
		{565E5CD1-2BA6-EE40-FE8F-E8E610B2A3C3}.Release|Any CPU.Build.0 = Release|Any CPU
		{F314A787-467A-D051-DA5E-E7B3021EC3E4}.Debug|Any CPU.ActiveCfg = Debug|Any CPU
		{F314A787-467A-D051-DA5E-E7B3021EC3E4}.Debug|Any CPU.Build.0 = Debug|Any CPU
		{F314A787-467A-D051-DA5E-E7B3021EC3E4}.Release|Any CPU.ActiveCfg = Release|Any CPU
		{F314A787-467A-D051-DA5E-E7B3021EC3E4}.Release|Any CPU.Build.0 = Release|Any CPU
		{BC562939-059C-4B01-BD45-5E54026E97B4}.Debug|Any CPU.ActiveCfg = Debug|Any CPU
		{BC562939-059C-4B01-BD45-5E54026E97B4}.Debug|Any CPU.Build.0 = Debug|Any CPU
		{BC562939-059C-4B01-BD45-5E54026E97B4}.Release|Any CPU.ActiveCfg = Release|Any CPU
		{BC562939-059C-4B01-BD45-5E54026E97B4}.Release|Any CPU.Build.0 = Release|Any CPU
		{97A2F730-BAC9-27F4-5DF8-F789AEE4BD98}.Debug|Any CPU.ActiveCfg = Debug|Any CPU
		{97A2F730-BAC9-27F4-5DF8-F789AEE4BD98}.Debug|Any CPU.Build.0 = Debug|Any CPU
		{97A2F730-BAC9-27F4-5DF8-F789AEE4BD98}.Release|Any CPU.ActiveCfg = Release|Any CPU
		{97A2F730-BAC9-27F4-5DF8-F789AEE4BD98}.Release|Any CPU.Build.0 = Release|Any CPU
		{CC2710B3-DA4E-BA66-5E31-F2DE9311F211}.Debug|Any CPU.ActiveCfg = Debug|Any CPU
		{CC2710B3-DA4E-BA66-5E31-F2DE9311F211}.Debug|Any CPU.Build.0 = Debug|Any CPU
		{CC2710B3-DA4E-BA66-5E31-F2DE9311F211}.Release|Any CPU.ActiveCfg = Release|Any CPU
		{CC2710B3-DA4E-BA66-5E31-F2DE9311F211}.Release|Any CPU.Build.0 = Release|Any CPU
		{F43CCA9C-D845-20C2-BA13-35D9EFF1B78E}.Debug|Any CPU.ActiveCfg = Debug|Any CPU
		{F43CCA9C-D845-20C2-BA13-35D9EFF1B78E}.Debug|Any CPU.Build.0 = Debug|Any CPU
		{F43CCA9C-D845-20C2-BA13-35D9EFF1B78E}.Release|Any CPU.ActiveCfg = Release|Any CPU
		{F43CCA9C-D845-20C2-BA13-35D9EFF1B78E}.Release|Any CPU.Build.0 = Release|Any CPU
		{3341A530-D7D6-9278-6A77-497C0D02E4B7}.Debug|Any CPU.ActiveCfg = Debug|Any CPU
		{3341A530-D7D6-9278-6A77-497C0D02E4B7}.Debug|Any CPU.Build.0 = Debug|Any CPU
		{3341A530-D7D6-9278-6A77-497C0D02E4B7}.Release|Any CPU.ActiveCfg = Release|Any CPU
		{3341A530-D7D6-9278-6A77-497C0D02E4B7}.Release|Any CPU.Build.0 = Release|Any CPU
		{E4433E8B-57E5-47A8-EA91-D40E818C1E0A}.Debug|Any CPU.ActiveCfg = Debug|Any CPU
		{E4433E8B-57E5-47A8-EA91-D40E818C1E0A}.Debug|Any CPU.Build.0 = Debug|Any CPU
		{E4433E8B-57E5-47A8-EA91-D40E818C1E0A}.Release|Any CPU.ActiveCfg = Release|Any CPU
		{E4433E8B-57E5-47A8-EA91-D40E818C1E0A}.Release|Any CPU.Build.0 = Release|Any CPU
	EndGlobalSection
	GlobalSection(SolutionProperties) = preSolution
		HideSolutionNode = FALSE
	EndGlobalSection
EndGlobal
